
Microsoft Visual Studio Solution File, Format Version 12.00
# Visual Studio Version 17
VisualStudioVersion = 17.5.002.0
MinimumVisualStudioVersion = 10.0.40219.1
Project("{9A19103F-16F7-4668-BE54-9A1E7A4F7556}") = "NavigationMockUp", "NavigationMockUp.csproj", "{9EBB39B4-3C05-4D4B-820F-288297D3E65F}"
EndProject
Global
	GlobalSection(SolutionConfigurationPlatforms) = preSolution
		Debug|Any CPU = Debug|Any CPU
		Release|Any CPU = Release|Any CPU
	EndGlobalSection
	GlobalSection(ProjectConfigurationPlatforms) = postSolution
		{9EBB39B4-3C05-4D4B-820F-288297D3E65F}.Debug|Any CPU.ActiveCfg = Debug|Any CPU
		{9EBB39B4-3C05-4D4B-820F-288297D3E65F}.Debug|Any CPU.Build.0 = Debug|Any CPU
		{9EBB39B4-3C05-4D4B-820F-288297D3E65F}.Release|Any CPU.ActiveCfg = Release|Any CPU
		{9EBB39B4-3C05-4D4B-820F-288297D3E65F}.Release|Any CPU.Build.0 = Release|Any CPU
	EndGlobalSection
	GlobalSection(SolutionProperties) = preSolution
		HideSolutionNode = FALSE
	EndGlobalSection
	GlobalSection(ExtensibilityGlobals) = postSolution
		SolutionGuid = {B550F1B7-1FB3-4922-BAE1-7C10B8E43173}
	EndGlobalSection
EndGlobal
